
Microsoft Visual Studio Solution File, Format Version 12.00
# Visual Studio Version 16
VisualStudioVersion = 16.0.32929.386
MinimumVisualStudioVersion = 10.0.40219.1
Project("{9A19103F-16F7-4668-BE54-9A1E7A4F7556}") = "YL1CC3_HFT_2022231.Client", "YL1CC3_HFT_2022231.Client\YL1CC3_HFT_2022231.Client.csproj", "{7EA42C16-A37A-4298-911B-42041C339821}"
EndProject
Project("{9A19103F-16F7-4668-BE54-9A1E7A4F7556}") = "YL1CC3_HFT_2022231.Models", "YL1CC3_HFT_2022231.Models\YL1CC3_HFT_2022231.Models.csproj", "{76662D8F-91C7-4DEB-9E74-A266A90FB04F}"
EndProject
Project("{9A19103F-16F7-4668-BE54-9A1E7A4F7556}") = "YL1CC3_HFT_2022231.Logic", "YL1CC3_HFT_2022231.Logic\YL1CC3_HFT_2022231.Logic.csproj", "{F33506E1-1197-41A0-AAE1-5E16E3AE40EC}"
EndProject
Project("{9A19103F-16F7-4668-BE54-9A1E7A4F7556}") = "YL1CC3_HFT_2022231.Repository", "YL1CC3_HFT_2022231.Repository\YL1CC3_HFT_2022231.Repository.csproj", "{88B4C259-9843-44EB-85F6-0CA1C0B3988B}"
EndProject
Project("{9A19103F-16F7-4668-BE54-9A1E7A4F7556}") = "YL1CC3_HFT_2022231.Endpoint", "YL1CC3_HFT_2022231.Endpoint\YL1CC3_HFT_2022231.Endpoint.csproj", "{8FF32EEC-3010-474E-B1CB-5F998907501B}"
EndProject
Project("{9A19103F-16F7-4668-BE54-9A1E7A4F7556}") = "YL1CC3_HFT_2022231.Test", "YL1CC3_HFT_2022231.Test\YL1CC3_HFT_2022231.Test.csproj", "{CF403EE4-BB11-450B-8C4A-ED84E307A3F2}"
EndProject
Project("{2150E333-8FDC-42A3-9474-1A3956D46DE8}") = "Backend", "Backend", "{EE7287B1-1C71-4A42-B707-5E65007CA449}"
EndProject
Project("{2150E333-8FDC-42A3-9474-1A3956D46DE8}") = "Frontend", "Frontend", "{121BB092-3A06-4E5C-A300-8A7B0B018A65}"
EndProject
Project("{2150E333-8FDC-42A3-9474-1A3956D46DE8}") = "Shared", "Shared", "{BD82BD83-736B-4539-A9DF-EE4F05EDA075}"
EndProject
Project("{2150E333-8FDC-42A3-9474-1A3956D46DE8}") = "Others", "Others", "{0F7DDAE9-EE58-4687-8C9D-D27ED93BC6A6}"
	ProjectSection(SolutionItems) = preProject
		.gitignore = .gitignore
	EndProjectSection
EndProject
Project("{FAE04EC0-301F-11D3-BF4B-00C04F79EFBC}") = "YL1CC3_HFT_2022231.WpfClient", "YL1CC3_HFT_2022231.WpfClient\YL1CC3_HFT_2022231.WpfClient.csproj", "{E4D9282B-0693-43C3-ADE4-B489A4E7779B}"
EndProject
Global
	GlobalSection(SolutionConfigurationPlatforms) = preSolution
		Debug|Any CPU = Debug|Any CPU
		Release|Any CPU = Release|Any CPU
	EndGlobalSection
	GlobalSection(ProjectConfigurationPlatforms) = postSolution
		{7EA42C16-A37A-4298-911B-42041C339821}.Debug|Any CPU.ActiveCfg = Debug|Any CPU
		{7EA42C16-A37A-4298-911B-42041C339821}.Debug|Any CPU.Build.0 = Debug|Any CPU
		{7EA42C16-A37A-4298-911B-42041C339821}.Release|Any CPU.ActiveCfg = Release|Any CPU
		{7EA42C16-A37A-4298-911B-42041C339821}.Release|Any CPU.Build.0 = Release|Any CPU
		{76662D8F-91C7-4DEB-9E74-A266A90FB04F}.Debug|Any CPU.ActiveCfg = Debug|Any CPU
		{76662D8F-91C7-4DEB-9E74-A266A90FB04F}.Debug|Any CPU.Build.0 = Debug|Any CPU
		{76662D8F-91C7-4DEB-9E74-A266A90FB04F}.Release|Any CPU.ActiveCfg = Release|Any CPU
		{76662D8F-91C7-4DEB-9E74-A266A90FB04F}.Release|Any CPU.Build.0 = Release|Any CPU
		{F33506E1-1197-41A0-AAE1-5E16E3AE40EC}.Debug|Any CPU.ActiveCfg = Debug|Any CPU
		{F33506E1-1197-41A0-AAE1-5E16E3AE40EC}.Debug|Any CPU.Build.0 = Debug|Any CPU
		{F33506E1-1197-41A0-AAE1-5E16E3AE40EC}.Release|Any CPU.ActiveCfg = Release|Any CPU
		{F33506E1-1197-41A0-AAE1-5E16E3AE40EC}.Release|Any CPU.Build.0 = Release|Any CPU
		{88B4C259-9843-44EB-85F6-0CA1C0B3988B}.Debug|Any CPU.ActiveCfg = Debug|Any CPU
		{88B4C259-9843-44EB-85F6-0CA1C0B3988B}.Debug|Any CPU.Build.0 = Debug|Any CPU
		{88B4C259-9843-44EB-85F6-0CA1C0B3988B}.Release|Any CPU.ActiveCfg = Release|Any CPU
		{88B4C259-9843-44EB-85F6-0CA1C0B3988B}.Release|Any CPU.Build.0 = Release|Any CPU
		{8FF32EEC-3010-474E-B1CB-5F998907501B}.Debug|Any CPU.ActiveCfg = Debug|Any CPU
		{8FF32EEC-3010-474E-B1CB-5F998907501B}.Debug|Any CPU.Build.0 = Debug|Any CPU
		{8FF32EEC-3010-474E-B1CB-5F998907501B}.Release|Any CPU.ActiveCfg = Release|Any CPU
		{8FF32EEC-3010-474E-B1CB-5F998907501B}.Release|Any CPU.Build.0 = Release|Any CPU
		{CF403EE4-BB11-450B-8C4A-ED84E307A3F2}.Debug|Any CPU.ActiveCfg = Debug|Any CPU
		{CF403EE4-BB11-450B-8C4A-ED84E307A3F2}.Debug|Any CPU.Build.0 = Debug|Any CPU
		{CF403EE4-BB11-450B-8C4A-ED84E307A3F2}.Release|Any CPU.ActiveCfg = Release|Any CPU
		{CF403EE4-BB11-450B-8C4A-ED84E307A3F2}.Release|Any CPU.Build.0 = Release|Any CPU
		{E4D9282B-0693-43C3-ADE4-B489A4E7779B}.Debug|Any CPU.ActiveCfg = Debug|Any CPU
		{E4D9282B-0693-43C3-ADE4-B489A4E7779B}.Debug|Any CPU.Build.0 = Debug|Any CPU
		{E4D9282B-0693-43C3-ADE4-B489A4E7779B}.Release|Any CPU.ActiveCfg = Release|Any CPU
		{E4D9282B-0693-43C3-ADE4-B489A4E7779B}.Release|Any CPU.Build.0 = Release|Any CPU
	EndGlobalSection
	GlobalSection(SolutionProperties) = preSolution
		HideSolutionNode = FALSE
	EndGlobalSection
	GlobalSection(NestedProjects) = preSolution
		{7EA42C16-A37A-4298-911B-42041C339821} = {121BB092-3A06-4E5C-A300-8A7B0B018A65}
		{76662D8F-91C7-4DEB-9E74-A266A90FB04F} = {BD82BD83-736B-4539-A9DF-EE4F05EDA075}
		{F33506E1-1197-41A0-AAE1-5E16E3AE40EC} = {EE7287B1-1C71-4A42-B707-5E65007CA449}
		{88B4C259-9843-44EB-85F6-0CA1C0B3988B} = {EE7287B1-1C71-4A42-B707-5E65007CA449}
		{8FF32EEC-3010-474E-B1CB-5F998907501B} = {EE7287B1-1C71-4A42-B707-5E65007CA449}
		{CF403EE4-BB11-450B-8C4A-ED84E307A3F2} = {EE7287B1-1C71-4A42-B707-5E65007CA449}
		{E4D9282B-0693-43C3-ADE4-B489A4E7779B} = {121BB092-3A06-4E5C-A300-8A7B0B018A65}
	EndGlobalSection
	GlobalSection(ExtensibilityGlobals) = postSolution
		SolutionGuid = {0777443E-D1A8-4F55-9E1A-3FAF15872BCB}
	EndGlobalSection
EndGlobal
